// !$*UTF8*$!
{
	archiveVersion = 1;
	classes = {
	};
	objectVersion = 46;
	objects = {

/* Begin PBXBuildFile section */
		C9114B811B3FE1A800F90545 /* AppDelegate.swift in Sources */ = {isa = PBXBuildFile; fileRef = C9114B801B3FE1A800F90545 /* AppDelegate.swift */; };
		C9114B831B3FE1A800F90545 /* ViewController.swift in Sources */ = {isa = PBXBuildFile; fileRef = C9114B821B3FE1A800F90545 /* ViewController.swift */; };
		C9114B861B3FE1A800F90545 /* Main.storyboard in Resources */ = {isa = PBXBuildFile; fileRef = C9114B841B3FE1A800F90545 /* Main.storyboard */; };
		C9114B881B3FE1A800F90545 /* Assets.xcassets in Resources */ = {isa = PBXBuildFile; fileRef = C9114B871B3FE1A800F90545 /* Assets.xcassets */; };
		C9114B8B1B3FE1A800F90545 /* LaunchScreen.storyboard in Resources */ = {isa = PBXBuildFile; fileRef = C9114B891B3FE1A800F90545 /* LaunchScreen.storyboard */; };
		C9114B961B3FE1A800F90545 /* Bony_F_ios2Tests.swift in Sources */ = {isa = PBXBuildFile; fileRef = C9114B951B3FE1A800F90545 /* Bony_F_ios2Tests.swift */; };
		C9114BA11B3FE1A800F90545 /* Bony_F_ios2UITests.swift in Sources */ = {isa = PBXBuildFile; fileRef = C9114BA01B3FE1A800F90545 /* Bony_F_ios2UITests.swift */; };
		C9114BBA1B3FE4BA00F90545 /* libkontakt-ios-sdk.a in Frameworks */ = {isa = PBXBuildFile; fileRef = C9114BB91B3FE4BA00F90545 /* libkontakt-ios-sdk.a */; };
/* End PBXBuildFile section */

/* Begin PBXContainerItemProxy section */
		C9114B921B3FE1A800F90545 /* PBXContainerItemProxy */ = {
			isa = PBXContainerItemProxy;
			containerPortal = C9114B751B3FE1A700F90545 /* Project object */;
			proxyType = 1;
			remoteGlobalIDString = C9114B7C1B3FE1A800F90545;
			remoteInfo = "Bony-F-ios2";
		};
		C9114B9D1B3FE1A800F90545 /* PBXContainerItemProxy */ = {
			isa = PBXContainerItemProxy;
			containerPortal = C9114B751B3FE1A700F90545 /* Project object */;
			proxyType = 1;
			remoteGlobalIDString = C9114B7C1B3FE1A800F90545;
			remoteInfo = "Bony-F-ios2";
		};
/* End PBXContainerItemProxy section */

/* Begin PBXFileReference section */
		C9114B7D1B3FE1A800F90545 /* Bony-F-ios2.app */ = {isa = PBXFileReference; explicitFileType = wrapper.application; includeInIndex = 0; path = "Bony-F-ios2.app"; sourceTree = BUILT_PRODUCTS_DIR; };
		C9114B801B3FE1A800F90545 /* AppDelegate.swift */ = {isa = PBXFileReference; lastKnownFileType = sourcecode.swift; path = AppDelegate.swift; sourceTree = "<group>"; };
		C9114B821B3FE1A800F90545 /* ViewController.swift */ = {isa = PBXFileReference; lastKnownFileType = sourcecode.swift; path = ViewController.swift; sourceTree = "<group>"; };
		C9114B851B3FE1A800F90545 /* Base */ = {isa = PBXFileReference; lastKnownFileType = file.storyboard; name = Base; path = Base.lproj/Main.storyboard; sourceTree = "<group>"; };
		C9114B871B3FE1A800F90545 /* Assets.xcassets */ = {isa = PBXFileReference; lastKnownFileType = folder.assetcatalog; path = Assets.xcassets; sourceTree = "<group>"; };
		C9114B8A1B3FE1A800F90545 /* Base */ = {isa = PBXFileReference; lastKnownFileType = file.storyboard; name = Base; path = Base.lproj/LaunchScreen.storyboard; sourceTree = "<group>"; };
		C9114B8C1B3FE1A800F90545 /* Info.plist */ = {isa = PBXFileReference; lastKnownFileType = text.plist.xml; path = Info.plist; sourceTree = "<group>"; };
		C9114B911B3FE1A800F90545 /* Bony-F-ios2Tests.xctest */ = {isa = PBXFileReference; explicitFileType = wrapper.cfbundle; includeInIndex = 0; path = "Bony-F-ios2Tests.xctest"; sourceTree = BUILT_PRODUCTS_DIR; };
		C9114B951B3FE1A800F90545 /* Bony_F_ios2Tests.swift */ = {isa = PBXFileReference; lastKnownFileType = sourcecode.swift; path = Bony_F_ios2Tests.swift; sourceTree = "<group>"; };
		C9114B971B3FE1A800F90545 /* Info.plist */ = {isa = PBXFileReference; lastKnownFileType = text.plist.xml; path = Info.plist; sourceTree = "<group>"; };
		C9114B9C1B3FE1A800F90545 /* Bony-F-ios2UITests.xctest */ = {isa = PBXFileReference; explicitFileType = wrapper.cfbundle; includeInIndex = 0; path = "Bony-F-ios2UITests.xctest"; sourceTree = BUILT_PRODUCTS_DIR; };
		C9114BA01B3FE1A800F90545 /* Bony_F_ios2UITests.swift */ = {isa = PBXFileReference; lastKnownFileType = sourcecode.swift; path = Bony_F_ios2UITests.swift; sourceTree = "<group>"; };
		C9114BA21B3FE1A800F90545 /* Info.plist */ = {isa = PBXFileReference; lastKnownFileType = text.plist.xml; path = Info.plist; sourceTree = "<group>"; };
		C9114BB21B3FE26D00F90545 /* Bony-F-ios2-Bridging-Header.h */ = {isa = PBXFileReference; lastKnownFileType = sourcecode.c.h; path = "Bony-F-ios2-Bridging-Header.h"; sourceTree = SOURCE_ROOT; };
		C9114BB91B3FE4BA00F90545 /* libkontakt-ios-sdk.a */ = {isa = PBXFileReference; lastKnownFileType = archive.ar; name = "libkontakt-ios-sdk.a"; path = "KontaktSDK/libkontakt-ios-sdk.a"; sourceTree = "<group>"; };
/* End PBXFileReference section */

/* Begin PBXFrameworksBuildPhase section */
		C9114B7A1B3FE1A800F90545 /* Frameworks */ = {
			isa = PBXFrameworksBuildPhase;
			buildActionMask = 2147483647;
			files = (
				C9114BBA1B3FE4BA00F90545 /* libkontakt-ios-sdk.a in Frameworks */,
			);
			runOnlyForDeploymentPostprocessing = 0;
		};
		C9114B8E1B3FE1A800F90545 /* Frameworks */ = {
			isa = PBXFrameworksBuildPhase;
			buildActionMask = 2147483647;
			files = (
			);
			runOnlyForDeploymentPostprocessing = 0;
		};
		C9114B991B3FE1A800F90545 /* Frameworks */ = {
			isa = PBXFrameworksBuildPhase;
			buildActionMask = 2147483647;
			files = (
			);
			runOnlyForDeploymentPostprocessing = 0;
		};
/* End PBXFrameworksBuildPhase section */

/* Begin PBXGroup section */
		C9114B741B3FE1A700F90545 = {
			isa = PBXGroup;
			children = (
				C9114BB91B3FE4BA00F90545 /* libkontakt-ios-sdk.a */,
				C9114B7F1B3FE1A800F90545 /* Bony-F-ios2 */,
				C9114B941B3FE1A800F90545 /* Bony-F-ios2Tests */,
				C9114B9F1B3FE1A800F90545 /* Bony-F-ios2UITests */,
				C9114B7E1B3FE1A800F90545 /* Products */,
			);
			sourceTree = "<group>";
		};
		C9114B7E1B3FE1A800F90545 /* Products */ = {
			isa = PBXGroup;
			children = (
				C9114B7D1B3FE1A800F90545 /* Bony-F-ios2.app */,
				C9114B911B3FE1A800F90545 /* Bony-F-ios2Tests.xctest */,
				C9114B9C1B3FE1A800F90545 /* Bony-F-ios2UITests.xctest */,
			);
			name = Products;
			sourceTree = "<group>";
		};
		C9114B7F1B3FE1A800F90545 /* Bony-F-ios2 */ = {
			isa = PBXGroup;
			children = (
				C9114BB21B3FE26D00F90545 /* Bony-F-ios2-Bridging-Header.h */,
				C9114B801B3FE1A800F90545 /* AppDelegate.swift */,
				C9114B821B3FE1A800F90545 /* ViewController.swift */,
				C9114B841B3FE1A800F90545 /* Main.storyboard */,
				C9114B871B3FE1A800F90545 /* Assets.xcassets */,
				C9114B891B3FE1A800F90545 /* LaunchScreen.storyboard */,
				C9114B8C1B3FE1A800F90545 /* Info.plist */,
			);
			path = "Bony-F-ios2";
			sourceTree = "<group>";
		};
		C9114B941B3FE1A800F90545 /* Bony-F-ios2Tests */ = {
			isa = PBXGroup;
			children = (
				C9114B951B3FE1A800F90545 /* Bony_F_ios2Tests.swift */,
				C9114B971B3FE1A800F90545 /* Info.plist */,
			);
			path = "Bony-F-ios2Tests";
			sourceTree = "<group>";
		};
		C9114B9F1B3FE1A800F90545 /* Bony-F-ios2UITests */ = {
			isa = PBXGroup;
			children = (
				C9114BA01B3FE1A800F90545 /* Bony_F_ios2UITests.swift */,
				C9114BA21B3FE1A800F90545 /* Info.plist */,
			);
			path = "Bony-F-ios2UITests";
			sourceTree = "<group>";
		};
/* End PBXGroup section */

/* Begin PBXNativeTarget section */
		C9114B7C1B3FE1A800F90545 /* Bony-F-ios2 */ = {
			isa = PBXNativeTarget;
			buildConfigurationList = C9114BA51B3FE1A800F90545 /* Build configuration list for PBXNativeTarget "Bony-F-ios2" */;
			buildPhases = (
				C9114B791B3FE1A800F90545 /* Sources */,
				C9114B7A1B3FE1A800F90545 /* Frameworks */,
				C9114B7B1B3FE1A800F90545 /* Resources */,
			);
			buildRules = (
			);
			dependencies = (
			);
			name = "Bony-F-ios2";
			productName = "Bony-F-ios2";
			productReference = C9114B7D1B3FE1A800F90545 /* Bony-F-ios2.app */;
			productType = "com.apple.product-type.application";
		};
		C9114B901B3FE1A800F90545 /* Bony-F-ios2Tests */ = {
			isa = PBXNativeTarget;
			buildConfigurationList = C9114BA81B3FE1A800F90545 /* Build configuration list for PBXNativeTarget "Bony-F-ios2Tests" */;
			buildPhases = (
				C9114B8D1B3FE1A800F90545 /* Sources */,
				C9114B8E1B3FE1A800F90545 /* Frameworks */,
				C9114B8F1B3FE1A800F90545 /* Resources */,
			);
			buildRules = (
			);
			dependencies = (
				C9114B931B3FE1A800F90545 /* PBXTargetDependency */,
			);
			name = "Bony-F-ios2Tests";
			productName = "Bony-F-ios2Tests";
			productReference = C9114B911B3FE1A800F90545 /* Bony-F-ios2Tests.xctest */;
			productType = "com.apple.product-type.bundle.unit-test";
		};
		C9114B9B1B3FE1A800F90545 /* Bony-F-ios2UITests */ = {
			isa = PBXNativeTarget;
			buildConfigurationList = C9114BAB1B3FE1A800F90545 /* Build configuration list for PBXNativeTarget "Bony-F-ios2UITests" */;
			buildPhases = (
				C9114B981B3FE1A800F90545 /* Sources */,
				C9114B991B3FE1A800F90545 /* Frameworks */,
				C9114B9A1B3FE1A800F90545 /* Resources */,
			);
			buildRules = (
			);
			dependencies = (
				C9114B9E1B3FE1A800F90545 /* PBXTargetDependency */,
			);
			name = "Bony-F-ios2UITests";
			productName = "Bony-F-ios2UITests";
			productReference = C9114B9C1B3FE1A800F90545 /* Bony-F-ios2UITests.xctest */;
			productType = "com.apple.product-type.bundle.ui-testing";
		};
/* End PBXNativeTarget section */

/* Begin PBXProject section */
		C9114B751B3FE1A700F90545 /* Project object */ = {
			isa = PBXProject;
			attributes = {
				LastSwiftUpdateCheck = 0700;
				LastUpgradeCheck = 0700;
				ORGANIZATIONNAME = MooFoo;
				TargetAttributes = {
					C9114B7C1B3FE1A800F90545 = {
						CreatedOnToolsVersion = 7.0;
						DevelopmentTeam = 785WBPW3NL;
					};
					C9114B901B3FE1A800F90545 = {
						CreatedOnToolsVersion = 7.0;
						TestTargetID = C9114B7C1B3FE1A800F90545;
					};
					C9114B9B1B3FE1A800F90545 = {
						CreatedOnToolsVersion = 7.0;
						TestTargetID = C9114B7C1B3FE1A800F90545;
					};
				};
			};
			buildConfigurationList = C9114B781B3FE1A700F90545 /* Build configuration list for PBXProject "Bony-F-ios2" */;
			compatibilityVersion = "Xcode 3.2";
			developmentRegion = English;
			hasScannedForEncodings = 0;
			knownRegions = (
				en,
				Base,
			);
			mainGroup = C9114B741B3FE1A700F90545;
			productRefGroup = C9114B7E1B3FE1A800F90545 /* Products */;
			projectDirPath = "";
			projectRoot = "";
			targets = (
				C9114B7C1B3FE1A800F90545 /* Bony-F-ios2 */,
				C9114B901B3FE1A800F90545 /* Bony-F-ios2Tests */,
				C9114B9B1B3FE1A800F90545 /* Bony-F-ios2UITests */,
			);
		};
/* End PBXProject section */

/* Begin PBXResourcesBuildPhase section */
		C9114B7B1B3FE1A800F90545 /* Resources */ = {
			isa = PBXResourcesBuildPhase;
			buildActionMask = 2147483647;
			files = (
				C9114B8B1B3FE1A800F90545 /* LaunchScreen.storyboard in Resources */,
				C9114B881B3FE1A800F90545 /* Assets.xcassets in Resources */,
				C9114B861B3FE1A800F90545 /* Main.storyboard in Resources */,
			);
			runOnlyForDeploymentPostprocessing = 0;
		};
		C9114B8F1B3FE1A800F90545 /* Resources */ = {
			isa = PBXResourcesBuildPhase;
			buildActionMask = 2147483647;
			files = (
			);
			runOnlyForDeploymentPostprocessing = 0;
		};
		C9114B9A1B3FE1A800F90545 /* Resources */ = {
			isa = PBXResourcesBuildPhase;
			buildActionMask = 2147483647;
			files = (
			);
			runOnlyForDeploymentPostprocessing = 0;
		};
/* End PBXResourcesBuildPhase section */

/* Begin PBXSourcesBuildPhase section */
		C9114B791B3FE1A800F90545 /* Sources */ = {
			isa = PBXSourcesBuildPhase;
			buildActionMask = 2147483647;
			files = (
				C9114B831B3FE1A800F90545 /* ViewController.swift in Sources */,
				C9114B811B3FE1A800F90545 /* AppDelegate.swift in Sources */,
			);
			runOnlyForDeploymentPostprocessing = 0;
		};
		C9114B8D1B3FE1A800F90545 /* Sources */ = {
			isa = PBXSourcesBuildPhase;
			buildActionMask = 2147483647;
			files = (
				C9114B961B3FE1A800F90545 /* Bony_F_ios2Tests.swift in Sources */,
			);
			runOnlyForDeploymentPostprocessing = 0;
		};
		C9114B981B3FE1A800F90545 /* Sources */ = {
			isa = PBXSourcesBuildPhase;
			buildActionMask = 2147483647;
			files = (
				C9114BA11B3FE1A800F90545 /* Bony_F_ios2UITests.swift in Sources */,
			);
			runOnlyForDeploymentPostprocessing = 0;
		};
/* End PBXSourcesBuildPhase section */

/* Begin PBXTargetDependency section */
		C9114B931B3FE1A800F90545 /* PBXTargetDependency */ = {
			isa = PBXTargetDependency;
			target = C9114B7C1B3FE1A800F90545 /* Bony-F-ios2 */;
			targetProxy = C9114B921B3FE1A800F90545 /* PBXContainerItemProxy */;
		};
		C9114B9E1B3FE1A800F90545 /* PBXTargetDependency */ = {
			isa = PBXTargetDependency;
			target = C9114B7C1B3FE1A800F90545 /* Bony-F-ios2 */;
			targetProxy = C9114B9D1B3FE1A800F90545 /* PBXContainerItemProxy */;
		};
/* End PBXTargetDependency section */

/* Begin PBXVariantGroup section */
		C9114B841B3FE1A800F90545 /* Main.storyboard */ = {
			isa = PBXVariantGroup;
			children = (
				C9114B851B3FE1A800F90545 /* Base */,
			);
			name = Main.storyboard;
			sourceTree = "<group>";
		};
		C9114B891B3FE1A800F90545 /* LaunchScreen.storyboard */ = {
			isa = PBXVariantGroup;
			children = (
				C9114B8A1B3FE1A800F90545 /* Base */,
			);
			name = LaunchScreen.storyboard;
			sourceTree = "<group>";
		};
/* End PBXVariantGroup section */

/* Begin XCBuildConfiguration section */
		C9114BA31B3FE1A800F90545 /* Debug */ = {
			isa = XCBuildConfiguration;
			buildSettings = {
				ALWAYS_SEARCH_USER_PATHS = NO;
				CLANG_CXX_LANGUAGE_STANDARD = "gnu++0x";
				CLANG_CXX_LIBRARY = "libc++";
				CLANG_ENABLE_MODULES = YES;
				CLANG_ENABLE_OBJC_ARC = YES;
				CLANG_WARN_BOOL_CONVERSION = YES;
				CLANG_WARN_CONSTANT_CONVERSION = YES;
				CLANG_WARN_DIRECT_OBJC_ISA_USAGE = YES_ERROR;
				CLANG_WARN_EMPTY_BODY = YES;
				CLANG_WARN_ENUM_CONVERSION = YES;
				CLANG_WARN_INT_CONVERSION = YES;
				CLANG_WARN_OBJC_ROOT_CLASS = YES_ERROR;
				CLANG_WARN_UNREACHABLE_CODE = YES;
				CLANG_WARN__DUPLICATE_METHOD_MATCH = YES;
				"CODE_SIGN_IDENTITY[sdk=iphoneos*]" = "iPhone Developer";
				COPY_PHASE_STRIP = NO;
				DEBUG_INFORMATION_FORMAT = dwarf;
				ENABLE_STRICT_OBJC_MSGSEND = YES;
				ENABLE_TESTABILITY = YES;
				GCC_C_LANGUAGE_STANDARD = gnu99;
				GCC_DYNAMIC_NO_PIC = NO;
				GCC_NO_COMMON_BLOCKS = YES;
				GCC_OPTIMIZATION_LEVEL = 0;
				GCC_PREPROCESSOR_DEFINITIONS = (
					"DEBUG=1",
					"$(inherited)",
				);
				GCC_WARN_64_TO_32_BIT_CONVERSION = YES;
				GCC_WARN_ABOUT_RETURN_TYPE = YES_ERROR;
				GCC_WARN_UNDECLARED_SELECTOR = YES;
				GCC_WARN_UNINITIALIZED_AUTOS = YES_AGGRESSIVE;
				GCC_WARN_UNUSED_FUNCTION = YES;
				GCC_WARN_UNUSED_VARIABLE = YES;
				IPHONEOS_DEPLOYMENT_TARGET = 9.0;
				MTL_ENABLE_DEBUG_INFO = YES;
				ONLY_ACTIVE_ARCH = YES;
				SDKROOT = iphoneos;
				SWIFT_OPTIMIZATION_LEVEL = "-Onone";
				TARGETED_DEVICE_FAMILY = "1,2";
			};
			name = Debug;
		};
		C9114BA41B3FE1A800F90545 /* Release */ = {
			isa = XCBuildConfiguration;
			buildSettings = {
				ALWAYS_SEARCH_USER_PATHS = NO;
				CLANG_CXX_LANGUAGE_STANDARD = "gnu++0x";
				CLANG_CXX_LIBRARY = "libc++";
				CLANG_ENABLE_MODULES = YES;
				CLANG_ENABLE_OBJC_ARC = YES;
				CLANG_WARN_BOOL_CONVERSION = YES;
				CLANG_WARN_CONSTANT_CONVERSION = YES;
				CLANG_WARN_DIRECT_OBJC_ISA_USAGE = YES_ERROR;
				CLANG_WARN_EMPTY_BODY = YES;
				CLANG_WARN_ENUM_CONVERSION = YES;
				CLANG_WARN_INT_CONVERSION = YES;
				CLANG_WARN_OBJC_ROOT_CLASS = YES_ERROR;
				CLANG_WARN_UNREACHABLE_CODE = YES;
				CLANG_WARN__DUPLICATE_METHOD_MATCH = YES;
				"CODE_SIGN_IDENTITY[sdk=iphoneos*]" = "iPhone Developer";
				COPY_PHASE_STRIP = NO;
				DEBUG_INFORMATION_FORMAT = "dwarf-with-dsym";
				ENABLE_NS_ASSERTIONS = NO;
				ENABLE_STRICT_OBJC_MSGSEND = YES;
				GCC_C_LANGUAGE_STANDARD = gnu99;
				GCC_NO_COMMON_BLOCKS = YES;
				GCC_WARN_64_TO_32_BIT_CONVERSION = YES;
				GCC_WARN_ABOUT_RETURN_TYPE = YES_ERROR;
				GCC_WARN_UNDECLARED_SELECTOR = YES;
				GCC_WARN_UNINITIALIZED_AUTOS = YES_AGGRESSIVE;
				GCC_WARN_UNUSED_FUNCTION = YES;
				GCC_WARN_UNUSED_VARIABLE = YES;
				IPHONEOS_DEPLOYMENT_TARGET = 9.0;
				MTL_ENABLE_DEBUG_INFO = NO;
				SDKROOT = iphoneos;
				TARGETED_DEVICE_FAMILY = "1,2";
				VALIDATE_PRODUCT = YES;
			};
			name = Release;
		};
		C9114BA61B3FE1A800F90545 /* Debug */ = {
			isa = XCBuildConfiguration;
			buildSettings = {
				ASSETCATALOG_COMPILER_APPICON_NAME = AppIcon;
				CLANG_ENABLE_MODULES = YES;
				CODE_SIGN_IDENTITY = "iPhone Developer";
				"CODE_SIGN_IDENTITY[sdk=iphoneos*]" = "iPhone Developer";
				HEADER_SEARCH_PATHS = "$(PROJECT_DIR)/KontaktSDK/Headers/**";
				INFOPLIST_FILE = "Bony-F-ios2/Info.plist";
				IPHONEOS_DEPLOYMENT_TARGET = 8.1;
				LD_RUNPATH_SEARCH_PATHS = "$(inherited) @executable_path/Frameworks";
				LIBRARY_SEARCH_PATHS = "$(PROJECT_DIR)/KontaktSDK/";
				PRODUCT_BUNDLE_IDENTIFIER = "tk.shybovycha.Bony-F-ios2";
				PRODUCT_NAME = "$(TARGET_NAME)";
				PROVISIONING_PROFILE = "";
				SWIFT_OBJC_BRIDGING_HEADER = "Bony-F-ios2-Bridging-Header.h";
				SWIFT_OPTIMIZATION_LEVEL = "-Onone";
				TARGETED_DEVICE_FAMILY = "1,2";
			};
			name = Debug;
		};
		C9114BA71B3FE1A800F90545 /* Release */ = {
			isa = XCBuildConfiguration;
			buildSettings = {
				ASSETCATALOG_COMPILER_APPICON_NAME = AppIcon;
				CLANG_ENABLE_MODULES = YES;
				CODE_SIGN_IDENTITY = "iPhone Developer";
				"CODE_SIGN_IDENTITY[sdk=iphoneos*]" = "iPhone Developer";
				HEADER_SEARCH_PATHS = "$(PROJECT_DIR)/KontaktSDK/Headers/**";
				INFOPLIST_FILE = "Bony-F-ios2/Info.plist";
				IPHONEOS_DEPLOYMENT_TARGET = 8.1;
				LD_RUNPATH_SEARCH_PATHS = "$(inherited) @executable_path/Frameworks";
				LIBRARY_SEARCH_PATHS = "$(PROJECT_DIR)/KontaktSDK/";
				PRODUCT_BUNDLE_IDENTIFIER = "tk.shybovycha.Bony-F-ios2";
				PRODUCT_NAME = "$(TARGET_NAME)";
				PROVISIONING_PROFILE = "";
				SWIFT_OBJC_BRIDGING_HEADER = "Bony-F-ios2-Bridging-Header.h";
				TARGETED_DEVICE_FAMILY = "1,2";
			};
			name = Release;
		};
		C9114BA91B3FE1A800F90545 /* Debug */ = {
			isa = XCBuildConfiguration;
			buildSettings = {
				BUNDLE_LOADER = "$(TEST_HOST)";
				INFOPLIST_FILE = "Bony-F-ios2Tests/Info.plist";
				LD_RUNPATH_SEARCH_PATHS = "$(inherited) @executable_path/Frameworks @loader_path/Frameworks";
				PRODUCT_BUNDLE_IDENTIFIER = "tk.shybovycha.Bony-F-ios2Tests";
				PRODUCT_NAME = "$(TARGET_NAME)";
				TEST_HOST = "$(BUILT_PRODUCTS_DIR)/Bony-F-ios2.app/Bony-F-ios2";
			};
			name = Debug;
		};
		C9114BAA1B3FE1A800F90545 /* Release */ = {
			isa = XCBuildConfiguration;
			buildSettings = {
				BUNDLE_LOADER = "$(TEST_HOST)";
				INFOPLIST_FILE = "Bony-F-ios2Tests/Info.plist";
				LD_RUNPATH_SEARCH_PATHS = "$(inherited) @executable_path/Frameworks @loader_path/Frameworks";
				PRODUCT_BUNDLE_IDENTIFIER = "tk.shybovycha.Bony-F-ios2Tests";
				PRODUCT_NAME = "$(TARGET_NAME)";
				TEST_HOST = "$(BUILT_PRODUCTS_DIR)/Bony-F-ios2.app/Bony-F-ios2";
			};
			name = Release;
		};
		C9114BAC1B3FE1A800F90545 /* Debug */ = {
			isa = XCBuildConfiguration;
			buildSettings = {
				INFOPLIST_FILE = "Bony-F-ios2UITests/Info.plist";
				LD_RUNPATH_SEARCH_PATHS = "$(inherited) @executable_path/Frameworks @loader_path/Frameworks";
				PRODUCT_BUNDLE_IDENTIFIER = "tk.shybovycha.Bony-F-ios2UITests";
				PRODUCT_NAME = "$(TARGET_NAME)";
				TEST_TARGET_NAME = "Bony-F-ios2";
				USES_XCTRUNNER = YES;
			};
			name = Debug;
		};
		C9114BAD1B3FE1A800F90545 /* Release */ = {
			isa = XCBuildConfiguration;
			buildSettings = {
				INFOPLIST_FILE = "Bony-F-ios2UITests/Info.plist";
				LD_RUNPATH_SEARCH_PATHS = "$(inherited) @executable_path/Frameworks @loader_path/Frameworks";
				PRODUCT_BUNDLE_IDENTIFIER = "tk.shybovycha.Bony-F-ios2UITests";
				PRODUCT_NAME = "$(TARGET_NAME)";
				TEST_TARGET_NAME = "Bony-F-ios2";
				USES_XCTRUNNER = YES;
			};
			name = Release;
		};
/* End XCBuildConfiguration section */

/* Begin XCConfigurationList section */
		C9114B781B3FE1A700F90545 /* Build configuration list for PBXProject "Bony-F-ios2" */ = {
			isa = XCConfigurationList;
			buildConfigurations = (
				C9114BA31B3FE1A800F90545 /* Debug */,
				C9114BA41B3FE1A800F90545 /* Release */,
			);
			defaultConfigurationIsVisible = 0;
			defaultConfigurationName = Release;
		};
		C9114BA51B3FE1A800F90545 /* Build configuration list for PBXNativeTarget "Bony-F-ios2" */ = {
			isa = XCConfigurationList;
			buildConfigurations = (
				C9114BA61B3FE1A800F90545 /* Debug */,
				C9114BA71B3FE1A800F90545 /* Release */,
			);
			defaultConfigurationIsVisible = 0;
		};
		C9114BA81B3FE1A800F90545 /* Build configuration list for PBXNativeTarget "Bony-F-ios2Tests" */ = {
			isa = XCConfigurationList;
			buildConfigurations = (
				C9114BA91B3FE1A800F90545 /* Debug */,
				C9114BAA1B3FE1A800F90545 /* Release */,
			);
			defaultConfigurationIsVisible = 0;
		};
		C9114BAB1B3FE1A800F90545 /* Build configuration list for PBXNativeTarget "Bony-F-ios2UITests" */ = {
			isa = XCConfigurationList;
			buildConfigurations = (
				C9114BAC1B3FE1A800F90545 /* Debug */,
				C9114BAD1B3FE1A800F90545 /* Release */,
			);
			defaultConfigurationIsVisible = 0;
		};
/* End XCConfigurationList section */
	};
	rootObject = C9114B751B3FE1A700F90545 /* Project object */;
}
